// !$*UTF8*$!
{
	archiveVersion = 1;
	classes = {
	};
	objectVersion = 54;
	objects = {

/* Begin PBXBuildFile section */
		008BCDCCEA59400F058F1BF0 /* HeytaWidgetModuleBridge.m in Sources */ = {isa = PBXBuildFile; fileRef = 7CAF7A9B123DBD3433233462 /* HeytaWidgetModuleBridge.m */; };
		04EB8DC3F84700C94A3FF0D6 /* HeytaWidgetBridge in Frameworks */ = {isa = PBXBuildFile; productRef = B87A3C386AEFCA1AFCD5D49A /* HeytaWidgetBridge */; };
		0C80B921A6F3F58F76C31292 /* libPods-Heyta.a in Frameworks */ = {isa = PBXBuildFile; fileRef = 5DCACB8F33CDC322A6C60F78 /* libPods-Heyta.a */; };
		13B07FBF1A68108700A75B9A /* Images.xcassets in Resources */ = {isa = PBXBuildFile; fileRef = 13B07FB51A68108700A75B9A /* Images.xcassets */; };
		195ABC1159FE613FF7FEB934 /* Foundation.framework in Frameworks */ = {isa = PBXBuildFile; fileRef = 62D65AE365254D61DC882AF6 /* Foundation.framework */; };
		761780ED2CA45674006654EE /* AppDelegate.swift in Sources */ = {isa = PBXBuildFile; fileRef = 761780EC2CA45674006654EE /* AppDelegate.swift */; };
		7A10000E2C0A00010066001A /* SceneDelegate.swift in Sources */ = {isa = PBXBuildFile; fileRef = 7A10000C2C0A00010066001A /* SceneDelegate.swift */; };
		81AB9BB82411601600AC10FF /* LaunchScreen.storyboard in Resources */ = {isa = PBXBuildFile; fileRef = 81AB9BB72411601600AC10FF /* LaunchScreen.storyboard */; };
		92F037458FE0FAAD4324E69D /* HeytaWidgetExtension.appex in Embed Foundation Extensions */ = {isa = PBXBuildFile; fileRef = 9FDD8A63A9057319E7AF1AC4 /* HeytaWidgetExtension.appex */; settings = {ATTRIBUTES = (RemoveHeadersOnCopy, ); }; };
		B843774D82D444A90DC8B1E8 /* PrivacyInfo.xcprivacy in Resources */ = {isa = PBXBuildFile; fileRef = 13B07FB81A68108700A75B9A /* PrivacyInfo.xcprivacy */; };
		BCEFFD3F2AF9BA4D4D74A03C /* HeytaWidgetBundle.swift in Sources */ = {isa = PBXBuildFile; fileRef = 043B3AB8A7839FD9E717C737 /* HeytaWidgetBundle.swift */; };
		C7BF8A4B8258E1E0A2713805 /* HeytaWidgetKit in Frameworks */ = {isa = PBXBuildFile; productRef = BAF2BC86C34AAABEFEAD0650 /* HeytaWidgetKit */; };
		E10761744B4ACA38F1304981 /* HeytaWidgetModule.swift in Sources */ = {isa = PBXBuildFile; fileRef = 7BB312F0DA2AD3E458F74337 /* HeytaWidgetModule.swift */; };
		08A586DCA89443645736DBA3 /* HeytaCardExportModule.swift in Sources */ = {isa = PBXBuildFile; fileRef = C3A570098A9418530328BCED /* HeytaCardExportModule.swift */; };
		39D6C8C223EFBC8A1BFA779C /* HeytaCardExportModuleBridge.m in Sources */ = {isa = PBXBuildFile; fileRef = 5E4F69A1BDAFCBF9E9DFF5AA /* HeytaCardExportModuleBridge.m */; };
		E10761754B4ACA38F1304981 /* HeytaReminderModule.swift in Sources */ = {isa = PBXBuildFile; fileRef = E10761764B4ACA38F1304981 /* HeytaReminderModule.swift */; };
		E10761774B4ACA38F1304981 /* HeytaReminderModuleBridge.m in Sources */ = {isa = PBXBuildFile; fileRef = E10761784B4ACA38F1304981 /* HeytaReminderModuleBridge.m */; };
		E10761794B4ACA38F1304981 /* HeytaVaultSecureStorage.swift in Sources */ = {isa = PBXBuildFile; fileRef = E107617A4B4ACA38F1304981 /* HeytaVaultSecureStorage.swift */; };
		E107617B4B4ACA38F1304981 /* HeytaVaultSecureStorageBridge.m in Sources */ = {isa = PBXBuildFile; fileRef = E107617C4B4ACA38F1304981 /* HeytaVaultSecureStorageBridge.m */; };
		08A586DCA89443645736DBA3 /* HeytaCardExportModule.swift in Sources */ = {isa = PBXBuildFile; fileRef = C3A570098A9418530328BCED /* HeytaCardExportModule.swift */; };
		39D6C8C223EFBC8A1BFA779C /* HeytaCardExportModuleBridge.m in Sources */ = {isa = PBXBuildFile; fileRef = 5E4F69A1BDAFCBF9E9DFF5AA /* HeytaCardExportModuleBridge.m */; };
/* End PBXBuildFile section */

/* Begin PBXContainerItemProxy section */
		A8C73529B88DB2C5C5987BEC /* PBXContainerItemProxy */ = {
			isa = PBXContainerItemProxy;
			containerPortal = 83CBB9F71A601CBA00E9B192 /* Project object */;
			proxyType = 1;
			remoteGlobalIDString = C0348E846786D05187027EC1;
			remoteInfo = HeytaWidgetExtension;
		};
/* End PBXContainerItemProxy section */

/* Begin PBXCopyFilesBuildPhase section */
		282F9D6CC2E4805FE6B2FD9D /* Embed Foundation Extensions */ = {
			isa = PBXCopyFilesBuildPhase;
			buildActionMask = 2147483647;
			dstPath = "";
			dstSubfolderSpec = 13;
			files = (
				92F037458FE0FAAD4324E69D /* HeytaWidgetExtension.appex in Embed Foundation Extensions */,
			);
			name = "Embed Foundation Extensions";
			runOnlyForDeploymentPostprocessing = 0;
		};
/* End PBXCopyFilesBuildPhase section */

/* Begin PBXFileReference section */
		043B3AB8A7839FD9E717C737 /* HeytaWidgetBundle.swift */ = {isa = PBXFileReference; includeInIndex = 1; lastKnownFileType = sourcecode.swift; name = HeytaWidgetBundle.swift; path = HeytaWidgetBundle.swift; sourceTree = "<group>"; };
		12BF9C48323621EFABC924D6 /* Info.plist */ = {isa = PBXFileReference; includeInIndex = 1; lastKnownFileType = text.plist.xml; name = Info.plist; path = Heyta/Info.plist; sourceTree = "<group>"; };
		13B07F961A680F5B00A75B9A /* Heyta.app */ = {isa = PBXFileReference; explicitFileType = wrapper.application; includeInIndex = 0; path = Heyta.app; sourceTree = BUILT_PRODUCTS_DIR; };
		13B07FB51A68108700A75B9A /* Images.xcassets */ = {isa = PBXFileReference; lastKnownFileType = folder.assetcatalog; name = Images.xcassets; path = Heyta/Images.xcassets; sourceTree = "<group>"; };
		13B07FB61A68108700A75B9A /* Info.plist */ = {isa = PBXFileReference; fileEncoding = 4; lastKnownFileType = text.plist.xml; name = Info.plist; path = Heyta/Info.plist; sourceTree = "<group>"; };
		13B07FB81A68108700A75B9A /* PrivacyInfo.xcprivacy */ = {isa = PBXFileReference; fileEncoding = 4; lastKnownFileType = text.plist.xml; name = PrivacyInfo.xcprivacy; path = Heyta/PrivacyInfo.xcprivacy; sourceTree = "<group>"; };
		3B4392A12AC88292D35C810B /* Pods-Heyta.debug.xcconfig */ = {isa = PBXFileReference; includeInIndex = 1; lastKnownFileType = text.xcconfig; name = "Pods-Heyta.debug.xcconfig"; path = "Target Support Files/Pods-Heyta/Pods-Heyta.debug.xcconfig"; sourceTree = "<group>"; };
		5709B34CF0A7D63546082F79 /* Pods-Heyta.release.xcconfig */ = {isa = PBXFileReference; includeInIndex = 1; lastKnownFileType = text.xcconfig; name = "Pods-Heyta.release.xcconfig"; path = "Target Support Files/Pods-Heyta/Pods-Heyta.release.xcconfig"; sourceTree = "<group>"; };
		5DCACB8F33CDC322A6C60F78 /* libPods-Heyta.a */ = {isa = PBXFileReference; explicitFileType = archive.ar; includeInIndex = 0; path = "libPods-Heyta.a"; sourceTree = BUILT_PRODUCTS_DIR; };
		62D65AE365254D61DC882AF6 /* Foundation.framework */ = {isa = PBXFileReference; lastKnownFileType = wrapper.framework; name = Foundation.framework; path = Platforms/iPhoneOS.platform/Developer/SDKs/iPhoneOS18.0.sdk/System/Library/Frameworks/Foundation.framework; sourceTree = DEVELOPER_DIR; };
		761780EC2CA45674006654EE /* AppDelegate.swift */ = {isa = PBXFileReference; lastKnownFileType = sourcecode.swift; name = AppDelegate.swift; path = Heyta/AppDelegate.swift; sourceTree = "<group>"; };
		7A10000C2C0A00010066001A /* SceneDelegate.swift */ = {isa = PBXFileReference; lastKnownFileType = sourcecode.swift; name = SceneDelegate.swift; path = Heyta/SceneDelegate.swift; sourceTree = "<group>"; };
		7BB312F0DA2AD3E458F74337 /* HeytaWidgetModule.swift */ = {isa = PBXFileReference; includeInIndex = 1; lastKnownFileType = sourcecode.swift; name = HeytaWidgetModule.swift; path = Heyta/HeytaWidgetModule.swift; sourceTree = "<group>"; };
		7CAF7A9B123DBD3433233462 /* HeytaWidgetModuleBridge.m */ = {isa = PBXFileReference; includeInIndex = 1; lastKnownFileType = sourcecode.c.objc; name = HeytaWidgetModuleBridge.m; path = Heyta/HeytaWidgetModuleBridge.m; sourceTree = "<group>"; };
		C3A570098A9418530328BCED /* HeytaCardExportModule.swift */ = {isa = PBXFileReference; includeInIndex = 1; lastKnownFileType = sourcecode.swift; name = HeytaCardExportModule.swift; path = Heyta/HeytaCardExportModule.swift; sourceTree = "<group>"; };
		5E4F69A1BDAFCBF9E9DFF5AA /* HeytaCardExportModuleBridge.m */ = {isa = PBXFileReference; includeInIndex = 1; lastKnownFileType = sourcecode.c.objc; name = HeytaCardExportModuleBridge.m; path = Heyta/HeytaCardExportModuleBridge.m; sourceTree = "<group>"; };
		81AB9BB72411601600AC10FF /* LaunchScreen.storyboard */ = {isa = PBXFileReference; fileEncoding = 4; lastKnownFileType = file.storyboard; name = LaunchScreen.storyboard; path = Heyta/LaunchScreen.storyboard; sourceTree = "<group>"; };
		8D22EB6C565E4257AB4A6650 /* HeytaWidgetExtension.entitlements */ = {isa = PBXFileReference; includeInIndex = 1; lastKnownFileType = text.plist.entitlements; name = HeytaWidgetExtension.entitlements; path = HeytaWidgetExtension.entitlements; sourceTree = "<group>"; };
		9FDD8A63A9057319E7AF1AC4 /* HeytaWidgetExtension.appex */ = {isa = PBXFileReference; explicitFileType = "wrapper.app-extension"; includeInIndex = 0; path = HeytaWidgetExtension.appex; sourceTree = BUILT_PRODUCTS_DIR; };
		ED297162215061F000B7C4FE /* JavaScriptCore.framework */ = {isa = PBXFileReference; lastKnownFileType = wrapper.framework; name = JavaScriptCore.framework; path = System/Library/Frameworks/JavaScriptCore.framework; sourceTree = SDKROOT; };
		E10761764B4ACA38F1304981 /* HeytaReminderModule.swift */ = {isa = PBXFileReference; lastKnownFileType = sourcecode.swift; name = HeytaReminderModule.swift; path = Heyta/HeytaReminderModule.swift; sourceTree = "<group>"; };
		E10761784B4ACA38F1304981 /* HeytaReminderModuleBridge.m */ = {isa = PBXFileReference; lastKnownFileType = sourcecode.c.objc; name = HeytaReminderModuleBridge.m; path = Heyta/HeytaReminderModuleBridge.m; sourceTree = "<group>"; };
		E107617A4B4ACA38F1304981 /* HeytaVaultSecureStorage.swift */ = {isa = PBXFileReference; lastKnownFileType = sourcecode.swift; name = HeytaVaultSecureStorage.swift; path = Heyta/HeytaVaultSecureStorage.swift; sourceTree = "<group>"; };
		E107617C4B4ACA38F1304981 /* HeytaVaultSecureStorageBridge.m */ = {isa = PBXFileReference; lastKnownFileType = sourcecode.c.objc; name = HeytaVaultSecureStorageBridge.m; path = Heyta/HeytaVaultSecureStorageBridge.m; sourceTree = "<group>"; };
/* End PBXFileReference section */

/* Begin PBXFrameworksBuildPhase section */
		13B07F8C1A680F5B00A75B9A /* Frameworks */ = {
			isa = PBXFrameworksBuildPhase;
			buildActionMask = 2147483647;
			files = (
				0C80B921A6F3F58F76C31292 /* libPods-Heyta.a in Frameworks */,
				04EB8DC3F84700C94A3FF0D6 /* HeytaWidgetBridge in Frameworks */,
			);
			runOnlyForDeploymentPostprocessing = 0;
		};
		1F3EFAE19055EB0241D8904F /* Frameworks */ = {
			isa = PBXFrameworksBuildPhase;
			buildActionMask = 2147483647;
			files = (
				195ABC1159FE613FF7FEB934 /* Foundation.framework in Frameworks */,
				C7BF8A4B8258E1E0A2713805 /* HeytaWidgetKit in Frameworks */,
			);
			runOnlyForDeploymentPostprocessing = 0;
		};
/* End PBXFrameworksBuildPhase section */

/* Begin PBXGroup section */
		13B07FAE1A68108700A75B9A /* Heyta */ = {
			isa = PBXGroup;
			children = (
				13B07FB51A68108700A75B9A /* Images.xcassets */,
				761780EC2CA45674006654EE /* AppDelegate.swift */,
				7A10000C2C0A00010066001A /* SceneDelegate.swift */,
				13B07FB61A68108700A75B9A /* Info.plist */,
				81AB9BB72411601600AC10FF /* LaunchScreen.storyboard */,
				13B07FB81A68108700A75B9A /* PrivacyInfo.xcprivacy */,
				7BB312F0DA2AD3E458F74337 /* HeytaWidgetModule.swift */,
				7CAF7A9B123DBD3433233462 /* HeytaWidgetModuleBridge.m */,
				C3A570098A9418530328BCED /* HeytaCardExportModule.swift */,
				5E4F69A1BDAFCBF9E9DFF5AA /* HeytaCardExportModuleBridge.m */,
				E10761764B4ACA38F1304981 /* HeytaReminderModule.swift */,
				E10761784B4ACA38F1304981 /* HeytaReminderModuleBridge.m */,
				E107617A4B4ACA38F1304981 /* HeytaVaultSecureStorage.swift */,
				E107617C4B4ACA38F1304981 /* HeytaVaultSecureStorageBridge.m */,
				C3A570098A9418530328BCED /* HeytaCardExportModule.swift */,
				5E4F69A1BDAFCBF9E9DFF5AA /* HeytaCardExportModuleBridge.m */,
			);
			name = Heyta;
			sourceTree = "<group>";
		};
		1473EC5830AF99246F64497B /* HeytaWidgetExtension */ = {
			isa = PBXGroup;
			children = (
				043B3AB8A7839FD9E717C737 /* HeytaWidgetBundle.swift */,
				12BF9C48323621EFABC924D6 /* Info.plist */,
				8D22EB6C565E4257AB4A6650 /* HeytaWidgetExtension.entitlements */,
			);
			name = HeytaWidgetExtension;
			path = HeytaWidgetExtension;
			sourceTree = "<group>";
		};
		18CCCDE8250B68AF5CCD9008 /* iOS */ = {
			isa = PBXGroup;
			children = (
				62D65AE365254D61DC882AF6 /* Foundation.framework */,
			);
			name = iOS;
			sourceTree = "<group>";
		};
		2D16E6871FA4F8E400B85C8A /* Frameworks */ = {
			isa = PBXGroup;
			children = (
				ED297162215061F000B7C4FE /* JavaScriptCore.framework */,
				5DCACB8F33CDC322A6C60F78 /* libPods-Heyta.a */,
				18CCCDE8250B68AF5CCD9008 /* iOS */,
			);
			name = Frameworks;
			sourceTree = "<group>";
		};
		832341AE1AAA6A7D00B99B32 /* Libraries */ = {
			isa = PBXGroup;
			children = (
			);
			name = Libraries;
			sourceTree = "<group>";
		};
		83CBB9F61A601CBA00E9B192 = {
			isa = PBXGroup;
			children = (
				13B07FAE1A68108700A75B9A /* Heyta */,
				832341AE1AAA6A7D00B99B32 /* Libraries */,
				83CBBA001A601CBA00E9B192 /* Products */,
				2D16E6871FA4F8E400B85C8A /* Frameworks */,
				BBD78D7AC51CEA395F1C20DB /* Pods */,
				1473EC5830AF99246F64497B /* HeytaWidgetExtension */,
			);
			indentWidth = 2;
			sourceTree = "<group>";
			tabWidth = 2;
			usesTabs = 0;
		};
		83CBBA001A601CBA00E9B192 /* Products */ = {
			isa = PBXGroup;
			children = (
				13B07F961A680F5B00A75B9A /* Heyta.app */,
				9FDD8A63A9057319E7AF1AC4 /* HeytaWidgetExtension.appex */,
			);
			name = Products;
			sourceTree = "<group>";
		};
		BBD78D7AC51CEA395F1C20DB /* Pods */ = {
			isa = PBXGroup;
			children = (
				3B4392A12AC88292D35C810B /* Pods-Heyta.debug.xcconfig */,
				5709B34CF0A7D63546082F79 /* Pods-Heyta.release.xcconfig */,
			);
			path = Pods;
			sourceTree = "<group>";
		};
/* End PBXGroup section */

/* Begin PBXNativeTarget section */
		13B07F861A680F5B00A75B9A /* Heyta */ = {
			isa = PBXNativeTarget;
			buildConfigurationList = 13B07F931A680F5B00A75B9A /* Build configuration list for PBXNativeTarget "Heyta" */;
			buildPhases = (
				C38B50BA6285516D6DCD4F65 /* [CP] Check Pods Manifest.lock */,
				13B07F871A680F5B00A75B9A /* Sources */,
				13B07F8C1A680F5B00A75B9A /* Frameworks */,
				13B07F8E1A680F5B00A75B9A /* Resources */,
				00DD1BFF1BD5951E006B06BC /* Bundle React Native code and images */,
				00EEFC60759A1932668264C0 /* [CP] Embed Pods Frameworks */,
				E235C05ADACE081382539298 /* [CP] Copy Pods Resources */,
				282F9D6CC2E4805FE6B2FD9D /* Embed Foundation Extensions */,
			);
			buildRules = (
			);
			dependencies = (
				78A7E0F893751D6764080E51 /* PBXTargetDependency */,
			);
			name = Heyta;
			packageProductDependencies = (
				B87A3C386AEFCA1AFCD5D49A /* HeytaWidgetBridge */,
			);
			productName = Heyta;
			productReference = 13B07F961A680F5B00A75B9A /* Heyta.app */;
			productType = "com.apple.product-type.application";
		};
		C0348E846786D05187027EC1 /* HeytaWidgetExtension */ = {
			isa = PBXNativeTarget;
			buildConfigurationList = 16DC896C4639D06FEE908E5C /* Build configuration list for PBXNativeTarget "HeytaWidgetExtension" */;
			buildPhases = (
				7B4E2D04E1A536FD39311F34 /* Sources */,
				1F3EFAE19055EB0241D8904F /* Frameworks */,
				A354585B2D52142003E54796 /* Resources */,
			);
			buildRules = (
			);
			dependencies = (
			);
			name = HeytaWidgetExtension;
			packageProductDependencies = (
				BAF2BC86C34AAABEFEAD0650 /* HeytaWidgetKit */,
			);
			productName = HeytaWidgetExtension;
			productReference = 9FDD8A63A9057319E7AF1AC4 /* HeytaWidgetExtension.appex */;
			productType = "com.apple.product-type.app-extension";
		};
/* End PBXNativeTarget section */

/* Begin PBXProject section */
		83CBB9F71A601CBA00E9B192 /* Project object */ = {
			isa = PBXProject;
			attributes = {
				LastUpgradeCheck = 1210;
				TargetAttributes = {
					13B07F861A680F5B00A75B9A = {
						LastSwiftMigration = 1120;
					};
				};
			};
			buildConfigurationList = 83CBB9FA1A601CBA00E9B192 /* Build configuration list for PBXProject "Heyta" */;
			compatibilityVersion = "Xcode 12.0";
			developmentRegion = en;
			hasScannedForEncodings = 0;
			knownRegions = (
				en,
				Base,
			);
			mainGroup = 83CBB9F61A601CBA00E9B192;
			packageReferences = (
				09A825723DF768F1D5F350E1 /* XCLocalSwiftPackageReference "HeytaWidgetCore" */,
			);
			productRefGroup = 83CBBA001A601CBA00E9B192 /* Products */;
			projectDirPath = "";
			projectRoot = "";
			targets = (
				13B07F861A680F5B00A75B9A /* Heyta */,
				C0348E846786D05187027EC1 /* HeytaWidgetExtension */,
			);
		};
/* End PBXProject section */

/* Begin PBXResourcesBuildPhase section */
		13B07F8E1A680F5B00A75B9A /* Resources */ = {
			isa = PBXResourcesBuildPhase;
			buildActionMask = 2147483647;
			files = (
				81AB9BB82411601600AC10FF /* LaunchScreen.storyboard in Resources */,
				13B07FBF1A68108700A75B9A /* Images.xcassets in Resources */,
				B843774D82D444A90DC8B1E8 /* PrivacyInfo.xcprivacy in Resources */,
			);
			runOnlyForDeploymentPostprocessing = 0;
		};
		A354585B2D52142003E54796 /* Resources */ = {
			isa = PBXResourcesBuildPhase;
			buildActionMask = 2147483647;
			files = (
			);
			runOnlyForDeploymentPostprocessing = 0;
		};
/* End PBXResourcesBuildPhase section */

/* Begin PBXShellScriptBuildPhase section */
		00DD1BFF1BD5951E006B06BC /* Bundle React Native code and images */ = {
			isa = PBXShellScriptBuildPhase;
			buildActionMask = 2147483647;
			files = (
			);
			inputPaths = (
				"$(SRCROOT)/.xcode.env.local",
				"$(SRCROOT)/.xcode.env",
			);
			name = "Bundle React Native code and images";
			outputPaths = (
			);
			runOnlyForDeploymentPostprocessing = 0;
			shellPath = /bin/sh;
			shellScript = "set -e\n\nWITH_ENVIRONMENT=\"$REACT_NATIVE_PATH/scripts/xcode/with-environment.sh\"\nREACT_NATIVE_XCODE=\"$REACT_NATIVE_PATH/scripts/react-native-xcode.sh\"\n\n/bin/sh -c \"\\\"$WITH_ENVIRONMENT\\\" \\\"$REACT_NATIVE_XCODE\\\"\"\n";
		};
		00EEFC60759A1932668264C0 /* [CP] Embed Pods Frameworks */ = {
			isa = PBXShellScriptBuildPhase;
			buildActionMask = 2147483647;
			files = (
			);
			inputFileListPaths = (
				"${PODS_ROOT}/Target Support Files/Pods-Heyta/Pods-Heyta-frameworks-${CONFIGURATION}-input-files.xcfilelist",
			);
			name = "[CP] Embed Pods Frameworks";
			outputFileListPaths = (
				"${PODS_ROOT}/Target Support Files/Pods-Heyta/Pods-Heyta-frameworks-${CONFIGURATION}-output-files.xcfilelist",
			);
			runOnlyForDeploymentPostprocessing = 0;
			shellPath = /bin/sh;
			shellScript = "\"${PODS_ROOT}/Target Support Files/Pods-Heyta/Pods-Heyta-frameworks.sh\"\n";
			showEnvVarsInLog = 0;
		};
		C38B50BA6285516D6DCD4F65 /* [CP] Check Pods Manifest.lock */ = {
			isa = PBXShellScriptBuildPhase;
			buildActionMask = 2147483647;
			files = (
			);
			inputFileListPaths = (
			);
			inputPaths = (
				"${PODS_PODFILE_DIR_PATH}/Podfile.lock",
				"${PODS_ROOT}/Manifest.lock",
			);
			name = "[CP] Check Pods Manifest.lock";
			outputFileListPaths = (
			);
			outputPaths = (
				"$(DERIVED_FILE_DIR)/Pods-Heyta-checkManifestLockResult.txt",
			);
			runOnlyForDeploymentPostprocessing = 0;
			shellPath = /bin/sh;
			shellScript = "diff \"${PODS_PODFILE_DIR_PATH}/Podfile.lock\" \"${PODS_ROOT}/Manifest.lock\" > /dev/null\nif [ $? != 0 ] ; then\n    # print error to STDERR\n    echo \"error: The sandbox is not in sync with the Podfile.lock. Run 'pod install' or update your CocoaPods installation.\" >&2\n    exit 1\nfi\n# This output is used by Xcode 'outputs' to avoid re-running this script phase.\necho \"SUCCESS\" > \"${SCRIPT_OUTPUT_FILE_0}\"\n";
			showEnvVarsInLog = 0;
		};
		E235C05ADACE081382539298 /* [CP] Copy Pods Resources */ = {
			isa = PBXShellScriptBuildPhase;
			buildActionMask = 2147483647;
			files = (
			);
			inputFileListPaths = (
				"${PODS_ROOT}/Target Support Files/Pods-Heyta/Pods-Heyta-resources-${CONFIGURATION}-input-files.xcfilelist",
			);
			name = "[CP] Copy Pods Resources";
			outputFileListPaths = (
				"${PODS_ROOT}/Target Support Files/Pods-Heyta/Pods-Heyta-resources-${CONFIGURATION}-output-files.xcfilelist",
			);
			runOnlyForDeploymentPostprocessing = 0;
			shellPath = /bin/sh;
			shellScript = "\"${PODS_ROOT}/Target Support Files/Pods-Heyta/Pods-Heyta-resources.sh\"\n";
			showEnvVarsInLog = 0;
		};
/* End PBXShellScriptBuildPhase section */

/* Begin PBXSourcesBuildPhase section */
		13B07F871A680F5B00A75B9A /* Sources */ = {
			isa = PBXSourcesBuildPhase;
			buildActionMask = 2147483647;
			files = (
				761780ED2CA45674006654EE /* AppDelegate.swift in Sources */,
				7A10000E2C0A00010066001A /* SceneDelegate.swift in Sources */,
				E10761744B4ACA38F1304981 /* HeytaWidgetModule.swift in Sources */,
				008BCDCCEA59400F058F1BF0 /* HeytaWidgetModuleBridge.m in Sources */,
				08A586DCA89443645736DBA3 /* HeytaCardExportModule.swift in Sources */,
				39D6C8C223EFBC8A1BFA779C /* HeytaCardExportModuleBridge.m in Sources */,
				E10761754B4ACA38F1304981 /* HeytaReminderModule.swift in Sources */,
				E10761774B4ACA38F1304981 /* HeytaReminderModuleBridge.m in Sources */,
				E10761794B4ACA38F1304981 /* HeytaVaultSecureStorage.swift in Sources */,
				E107617B4B4ACA38F1304981 /* HeytaVaultSecureStorageBridge.m in Sources */,
				08A586DCA89443645736DBA3 /* HeytaCardExportModule.swift in Sources */,
				39D6C8C223EFBC8A1BFA779C /* HeytaCardExportModuleBridge.m in Sources */,
			);
			runOnlyForDeploymentPostprocessing = 0;
		};
		7B4E2D04E1A536FD39311F34 /* Sources */ = {
			isa = PBXSourcesBuildPhase;
			buildActionMask = 2147483647;
			files = (
				BCEFFD3F2AF9BA4D4D74A03C /* HeytaWidgetBundle.swift in Sources */,
			);
			runOnlyForDeploymentPostprocessing = 0;
		};
/* End PBXSourcesBuildPhase section */

/* Begin PBXTargetDependency section */
		78A7E0F893751D6764080E51 /* PBXTargetDependency */ = {
			isa = PBXTargetDependency;
			name = HeytaWidgetExtension;
			target = C0348E846786D05187027EC1 /* HeytaWidgetExtension */;
			targetProxy = A8C73529B88DB2C5C5987BEC /* PBXContainerItemProxy */;
		};
/* End PBXTargetDependency section */

/* Begin XCBuildConfiguration section */
		0A785E5058C8FEC54B72D86D /* Debug */ = {
			isa = XCBuildConfiguration;
			buildSettings = {
				APPLICATION_EXTENSION_API_ONLY = YES;
				CLANG_ENABLE_MODULES = YES;
				CLANG_ENABLE_OBJC_WEAK = NO;
				CODE_SIGN_ENTITLEMENTS = HeytaWidgetExtension/HeytaWidgetExtension.entitlements;
				CURRENT_PROJECT_VERSION = 1;
				DEVELOPMENT_TEAM = V5S2LT9YV8;
				GENERATE_INFOPLIST_FILE = NO;
				INFOPLIST_FILE = HeytaWidgetExtension/Info.plist;
				IPHONEOS_DEPLOYMENT_TARGET = 17.0;
				MARKETING_VERSION = 1.0;
				PRODUCT_BUNDLE_IDENTIFIER = com.heyta.WidgetExtension;
				PRODUCT_NAME = "$(TARGET_NAME)";
				SDKROOT = iphoneos;
				SKIP_INSTALL = YES;
				SWIFT_EMIT_LOC_STRINGS = YES;
				SWIFT_VERSION = 6.0;
				TARGETED_DEVICE_FAMILY = "1,2";
			};
			name = Debug;
		};
		13B07F941A680F5B00A75B9A /* Debug */ = {
			isa = XCBuildConfiguration;
			baseConfigurationReference = 3B4392A12AC88292D35C810B /* Pods-Heyta.debug.xcconfig */;
			buildSettings = {
				ASSETCATALOG_COMPILER_APPICON_NAME = AppIcon;
				CLANG_ENABLE_MODULES = YES;
				CODE_SIGN_ENTITLEMENTS = Heyta/Heyta.entitlements;
				CURRENT_PROJECT_VERSION = 1;
				DEVELOPMENT_TEAM = V5S2LT9YV8;
				ENABLE_BITCODE = NO;
				INFOPLIST_FILE = Heyta/Info.plist;
				IPHONEOS_DEPLOYMENT_TARGET = 17.0;
				LD_RUNPATH_SEARCH_PATHS = (
					"$(inherited)",
					"@executable_path/Frameworks",
				);
				MARKETING_VERSION = 1.0;
				OTHER_LDFLAGS = (
					"$(inherited)",
					"-ObjC",
					"-lc++",
				);
				PRODUCT_BUNDLE_IDENTIFIER = com.heyta;
				PRODUCT_NAME = Heyta;
				SUPPORTED_PLATFORMS = "iphoneos iphonesimulator";
				SWIFT_OPTIMIZATION_LEVEL = "-Onone";
				SWIFT_VERSION = 5.0;
				TARGETED_DEVICE_FAMILY = "1,2";
				VERSIONING_SYSTEM = "apple-generic";
			};
			name = Debug;
		};
		13B07F951A680F5B00A75B9A /* Release */ = {
			isa = XCBuildConfiguration;
			baseConfigurationReference = 5709B34CF0A7D63546082F79 /* Pods-Heyta.release.xcconfig */;
			buildSettings = {
				ASSETCATALOG_COMPILER_APPICON_NAME = AppIcon;
				CLANG_ENABLE_MODULES = YES;
				CODE_SIGN_ENTITLEMENTS = Heyta/Heyta.entitlements;
				CODE_SIGN_IDENTITY = "Apple Distribution";
				CODE_SIGN_STYLE = Manual;
				CURRENT_PROJECT_VERSION = 1;
				DEVELOPMENT_TEAM = V5S2LT9YV8;
				INFOPLIST_FILE = Heyta/Info.plist;
				IPHONEOS_DEPLOYMENT_TARGET = 17.0;
				LD_RUNPATH_SEARCH_PATHS = (
					"$(inherited)",
					"@executable_path/Frameworks",
				);
				MARKETING_VERSION = 1.0;
				OTHER_LDFLAGS = (
					"$(inherited)",
					"-ObjC",
					"-lc++",
				);
				PRODUCT_BUNDLE_IDENTIFIER = com.heyta;
				PRODUCT_NAME = Heyta;
				PROVISIONING_PROFILE_SPECIFIER = "heyta App Store";
				SUPPORTED_PLATFORMS = "iphoneos iphonesimulator";
				SWIFT_VERSION = 5.0;
				TARGETED_DEVICE_FAMILY = "1,2";
				VERSIONING_SYSTEM = "apple-generic";
			};
			name = Release;
		};
		83CBBA201A601CBA00E9B192 /* Debug */ = {
			isa = XCBuildConfiguration;
			buildSettings = {
				ALWAYS_SEARCH_USER_PATHS = NO;
				CLANG_ANALYZER_LOCALIZABILITY_NONLOCALIZED = YES;
				CLANG_CXX_LANGUAGE_STANDARD = "c++20";
				CLANG_CXX_LIBRARY = "libc++";
				CLANG_ENABLE_MODULES = YES;
				CLANG_ENABLE_OBJC_ARC = YES;
				CLANG_WARN_BLOCK_CAPTURE_AUTORELEASING = YES;
				CLANG_WARN_BOOL_CONVERSION = YES;
				CLANG_WARN_COMMA = YES;
				CLANG_WARN_CONSTANT_CONVERSION = YES;
				CLANG_WARN_DEPRECATED_OBJC_IMPLEMENTATIONS = YES;
				CLANG_WARN_DIRECT_OBJC_ISA_USAGE = YES_ERROR;
				CLANG_WARN_EMPTY_BODY = YES;
				CLANG_WARN_ENUM_CONVERSION = YES;
				CLANG_WARN_INFINITE_RECURSION = YES;
				CLANG_WARN_INT_CONVERSION = YES;
				CLANG_WARN_NON_LITERAL_NULL_CONVERSION = YES;
				CLANG_WARN_OBJC_IMPLICIT_RETAIN_SELF = YES;
				CLANG_WARN_OBJC_LITERAL_CONVERSION = YES;
				CLANG_WARN_OBJC_ROOT_CLASS = YES_ERROR;
				CLANG_WARN_QUOTED_INCLUDE_IN_FRAMEWORK_HEADER = YES;
				CLANG_WARN_RANGE_LOOP_ANALYSIS = YES;
				CLANG_WARN_STRICT_PROTOTYPES = YES;
				CLANG_WARN_SUSPICIOUS_MOVE = YES;
				CLANG_WARN_UNREACHABLE_CODE = YES;
				CLANG_WARN__DUPLICATE_METHOD_MATCH = YES;
				"CODE_SIGN_IDENTITY[sdk=iphoneos*]" = "iPhone Developer";
				COPY_PHASE_STRIP = NO;
				ENABLE_STRICT_OBJC_MSGSEND = YES;
				ENABLE_TESTABILITY = YES;
				"EXCLUDED_ARCHS[sdk=iphonesimulator*]" = "";
				GCC_C_LANGUAGE_STANDARD = gnu99;
				GCC_DYNAMIC_NO_PIC = NO;
				GCC_NO_COMMON_BLOCKS = YES;
				GCC_OPTIMIZATION_LEVEL = 0;
				GCC_PREPROCESSOR_DEFINITIONS = (
					"DEBUG=1",
					"$(inherited)",
				);
				GCC_SYMBOLS_PRIVATE_EXTERN = NO;
				GCC_WARN_64_TO_32_BIT_CONVERSION = YES;
				GCC_WARN_ABOUT_RETURN_TYPE = YES_ERROR;
				GCC_WARN_UNDECLARED_SELECTOR = YES;
				GCC_WARN_UNINITIALIZED_AUTOS = YES_AGGRESSIVE;
				GCC_WARN_UNUSED_FUNCTION = YES;
				GCC_WARN_UNUSED_VARIABLE = YES;
				IPHONEOS_DEPLOYMENT_TARGET = 17.0;
				LD_RUNPATH_SEARCH_PATHS = (
					/usr/lib/swift,
					"$(inherited)",
				);
				LIBRARY_SEARCH_PATHS = (
					"\"$(SDKROOT)/usr/lib/swift\"",
					"\"$(TOOLCHAIN_DIR)/usr/lib/swift/$(PLATFORM_NAME)\"",
					"\"$(inherited)\"",
				);
				MTL_ENABLE_DEBUG_INFO = YES;
				ONLY_ACTIVE_ARCH = YES;
				OTHER_CFLAGS = (
					"$(inherited)",
					"-DRCT_REMOVE_LEGACY_ARCH=1",
				);
				OTHER_CPLUSPLUSFLAGS = (
					"$(OTHER_CFLAGS)",
					"-DFOLLY_NO_CONFIG",
					"-DFOLLY_MOBILE=1",
					"-DFOLLY_USE_LIBCPP=1",
					"-DFOLLY_CFG_NO_COROUTINES=1",
					"-DFOLLY_HAVE_CLOCK_GETTIME=1",
					"-DRCT_REMOVE_LEGACY_ARCH=1",
				);
				REACT_NATIVE_PATH = "${PODS_ROOT}/../../node_modules/react-native";
				SDKROOT = iphoneos;
				SWIFT_ACTIVE_COMPILATION_CONDITIONS = "$(inherited) DEBUG";
				USE_HERMES = true;
			};
			name = Debug;
		};
		83CBBA211A601CBA00E9B192 /* Release */ = {
			isa = XCBuildConfiguration;
			buildSettings = {
				ALWAYS_SEARCH_USER_PATHS = NO;
				CLANG_ANALYZER_LOCALIZABILITY_NONLOCALIZED = YES;
				CLANG_CXX_LANGUAGE_STANDARD = "c++20";
				CLANG_CXX_LIBRARY = "libc++";
				CLANG_ENABLE_MODULES = YES;
				CLANG_ENABLE_OBJC_ARC = YES;
				CLANG_WARN_BLOCK_CAPTURE_AUTORELEASING = YES;
				CLANG_WARN_BOOL_CONVERSION = YES;
				CLANG_WARN_COMMA = YES;
				CLANG_WARN_CONSTANT_CONVERSION = YES;
				CLANG_WARN_DEPRECATED_OBJC_IMPLEMENTATIONS = YES;
				CLANG_WARN_DIRECT_OBJC_ISA_USAGE = YES_ERROR;
				CLANG_WARN_EMPTY_BODY = YES;
				CLANG_WARN_ENUM_CONVERSION = YES;
				CLANG_WARN_INFINITE_RECURSION = YES;
				CLANG_WARN_INT_CONVERSION = YES;
				CLANG_WARN_NON_LITERAL_NULL_CONVERSION = YES;
				CLANG_WARN_OBJC_IMPLICIT_RETAIN_SELF = YES;
				CLANG_WARN_OBJC_LITERAL_CONVERSION = YES;
				CLANG_WARN_OBJC_ROOT_CLASS = YES_ERROR;
				CLANG_WARN_QUOTED_INCLUDE_IN_FRAMEWORK_HEADER = YES;
				CLANG_WARN_RANGE_LOOP_ANALYSIS = YES;
				CLANG_WARN_STRICT_PROTOTYPES = YES;
				CLANG_WARN_SUSPICIOUS_MOVE = YES;
				CLANG_WARN_UNREACHABLE_CODE = YES;
				CLANG_WARN__DUPLICATE_METHOD_MATCH = YES;
				"CODE_SIGN_IDENTITY[sdk=iphoneos*]" = "iPhone Developer";
				COPY_PHASE_STRIP = YES;
				ENABLE_NS_ASSERTIONS = NO;
				ENABLE_STRICT_OBJC_MSGSEND = YES;
				"EXCLUDED_ARCHS[sdk=iphonesimulator*]" = "";
				GCC_C_LANGUAGE_STANDARD = gnu99;
				GCC_NO_COMMON_BLOCKS = YES;
				GCC_WARN_64_TO_32_BIT_CONVERSION = YES;
				GCC_WARN_ABOUT_RETURN_TYPE = YES_ERROR;
				GCC_WARN_UNDECLARED_SELECTOR = YES;
				GCC_WARN_UNINITIALIZED_AUTOS = YES_AGGRESSIVE;
				GCC_WARN_UNUSED_FUNCTION = YES;
				GCC_WARN_UNUSED_VARIABLE = YES;
				IPHONEOS_DEPLOYMENT_TARGET = 17.0;
				LD_RUNPATH_SEARCH_PATHS = (
					/usr/lib/swift,
					"$(inherited)",
				);
				LIBRARY_SEARCH_PATHS = (
					"\"$(SDKROOT)/usr/lib/swift\"",
					"\"$(TOOLCHAIN_DIR)/usr/lib/swift/$(PLATFORM_NAME)\"",
					"\"$(inherited)\"",
				);
				MTL_ENABLE_DEBUG_INFO = NO;
				OTHER_CFLAGS = (
					"$(inherited)",
					"-DRCT_REMOVE_LEGACY_ARCH=1",
				);
				OTHER_CPLUSPLUSFLAGS = (
					"$(OTHER_CFLAGS)",
					"-DFOLLY_NO_CONFIG",
					"-DFOLLY_MOBILE=1",
					"-DFOLLY_USE_LIBCPP=1",
					"-DFOLLY_CFG_NO_COROUTINES=1",
					"-DFOLLY_HAVE_CLOCK_GETTIME=1",
					"-DRCT_REMOVE_LEGACY_ARCH=1",
				);
				REACT_NATIVE_PATH = "${PODS_ROOT}/../../node_modules/react-native";
				SDKROOT = iphoneos;
				USE_HERMES = true;
				VALIDATE_PRODUCT = YES;
			};
			name = Release;
		};
		B3459F62C665F8056110CBB6 /* Release */ = {
			isa = XCBuildConfiguration;
			buildSettings = {
				APPLICATION_EXTENSION_API_ONLY = YES;
				CLANG_ENABLE_MODULES = YES;
				CLANG_ENABLE_OBJC_WEAK = NO;
				CODE_SIGN_ENTITLEMENTS = HeytaWidgetExtension/HeytaWidgetExtension.entitlements;
				CODE_SIGN_IDENTITY = "Apple Distribution";
				CODE_SIGN_STYLE = Manual;
				CURRENT_PROJECT_VERSION = 1;
				DEVELOPMENT_TEAM = V5S2LT9YV8;
				GENERATE_INFOPLIST_FILE = NO;
				INFOPLIST_FILE = HeytaWidgetExtension/Info.plist;
				IPHONEOS_DEPLOYMENT_TARGET = 17.0;
				MARKETING_VERSION = 1.0;
				PRODUCT_BUNDLE_IDENTIFIER = com.heyta.WidgetExtension;
				PRODUCT_NAME = "$(TARGET_NAME)";
				PROVISIONING_PROFILE_SPECIFIER = "heyta Widget App Store";
				SDKROOT = iphoneos;
				SKIP_INSTALL = YES;
				SWIFT_EMIT_LOC_STRINGS = YES;
				SWIFT_VERSION = 6.0;
				TARGETED_DEVICE_FAMILY = "1,2";
				VALIDATE_PRODUCT = YES;
			};
			name = Release;
		};
/* End XCBuildConfiguration section */

/* Begin XCConfigurationList section */
		13B07F931A680F5B00A75B9A /* Build configuration list for PBXNativeTarget "Heyta" */ = {
			isa = XCConfigurationList;
			buildConfigurations = (
				13B07F941A680F5B00A75B9A /* Debug */,
				13B07F951A680F5B00A75B9A /* Release */,
			);
			defaultConfigurationIsVisible = 0;
			defaultConfigurationName = Release;
		};
		16DC896C4639D06FEE908E5C /* Build configuration list for PBXNativeTarget "HeytaWidgetExtension" */ = {
			isa = XCConfigurationList;
			buildConfigurations = (
				B3459F62C665F8056110CBB6 /* Release */,
				0A785E5058C8FEC54B72D86D /* Debug */,
			);
			defaultConfigurationIsVisible = 0;
			defaultConfigurationName = Release;
		};
		83CBB9FA1A601CBA00E9B192 /* Build configuration list for PBXProject "Heyta" */ = {
			isa = XCConfigurationList;
			buildConfigurations = (
				83CBBA201A601CBA00E9B192 /* Debug */,
				83CBBA211A601CBA00E9B192 /* Release */,
			);
			defaultConfigurationIsVisible = 0;
			defaultConfigurationName = Release;
		};
/* End XCConfigurationList section */

/* Begin XCLocalSwiftPackageReference section */
		09A825723DF768F1D5F350E1 /* XCLocalSwiftPackageReference "HeytaWidgetCore" */ = {
			isa = XCLocalSwiftPackageReference;
			path = HeytaWidgetCore;
			relativePath = HeytaWidgetCore;
		};
/* End XCLocalSwiftPackageReference section */

/* Begin XCSwiftPackageProductDependency section */
		B87A3C386AEFCA1AFCD5D49A /* HeytaWidgetBridge */ = {
			isa = XCSwiftPackageProductDependency;
			package = 09A825723DF768F1D5F350E1 /* XCLocalSwiftPackageReference "HeytaWidgetCore" */;
			productName = HeytaWidgetBridge;
		};
		BAF2BC86C34AAABEFEAD0650 /* HeytaWidgetKit */ = {
			isa = XCSwiftPackageProductDependency;
			package = 09A825723DF768F1D5F350E1 /* XCLocalSwiftPackageReference "HeytaWidgetCore" */;
			productName = HeytaWidgetKit;
		};
/* End XCSwiftPackageProductDependency section */
	};
	rootObject = 83CBB9F71A601CBA00E9B192 /* Project object */;
}
