// !$*UTF8*$!
{
	archiveVersion = 1;
	classes = {
	};
	objectVersion = 46;
	objects = {

/* Begin PBXBuildFile section */
		8A68953293E8A629F4EDE33F /* Cocoa.framework in Frameworks */ = {isa = PBXBuildFile; fileRef = 7412BC9D3A95B5CA696CD161 /* Cocoa.framework */; };
		F376D78F2EDC299D0D48C595 /* HeytaWidgetKit in Frameworks */ = {isa = PBXBuildFile; productRef = 72F845810180E0419D5882C0 /* HeytaWidgetKit */; };
		F43D060DBAE4E447934A9560 /* HeytaMacWidgetBundle.swift in Sources */ = {isa = PBXBuildFile; fileRef = FB1C89870FF8C5A172A79E7C /* HeytaMacWidgetBundle.swift */; };
/* End PBXBuildFile section */

/* Begin PBXFileReference section */
		1CE60EF73635CF7BD1C7B8F5 /* HeytaMacWidget.entitlements */ = {isa = PBXFileReference; includeInIndex = 1; lastKnownFileType = text.plist.entitlements; path = HeytaMacWidget.entitlements; sourceTree = "<group>"; };
		65DEC5203A905FCC63A017DF /* Info.plist */ = {isa = PBXFileReference; includeInIndex = 1; lastKnownFileType = text.plist.xml; path = Info.plist; sourceTree = "<group>"; };
		7412BC9D3A95B5CA696CD161 /* Cocoa.framework */ = {isa = PBXFileReference; lastKnownFileType = wrapper.framework; name = Cocoa.framework; path = Platforms/MacOSX.platform/Developer/SDKs/MacOSX15.0.sdk/System/Library/Frameworks/Cocoa.framework; sourceTree = DEVELOPER_DIR; };
		7F7661033D483A64489F6F48 /* HeytaMacWidget.appex */ = {isa = PBXFileReference; explicitFileType = "wrapper.app-extension"; includeInIndex = 0; path = HeytaMacWidget.appex; sourceTree = BUILT_PRODUCTS_DIR; };
		FB1C89870FF8C5A172A79E7C /* HeytaMacWidgetBundle.swift */ = {isa = PBXFileReference; includeInIndex = 1; lastKnownFileType = sourcecode.swift; path = HeytaMacWidgetBundle.swift; sourceTree = "<group>"; };
/* End PBXFileReference section */

/* Begin PBXFrameworksBuildPhase section */
		6440BAE7AE0EF1C1E4406F08 /* Frameworks */ = {
			isa = PBXFrameworksBuildPhase;
			buildActionMask = 2147483647;
			files = (
				8A68953293E8A629F4EDE33F /* Cocoa.framework in Frameworks */,
				F376D78F2EDC299D0D48C595 /* HeytaWidgetKit in Frameworks */,
			);
			runOnlyForDeploymentPostprocessing = 0;
		};
/* End PBXFrameworksBuildPhase section */

/* Begin PBXGroup section */
		50AC008414BBADA479DB4EAE /* Products */ = {
			isa = PBXGroup;
			children = (
				7F7661033D483A64489F6F48 /* HeytaMacWidget.appex */,
			);
			name = Products;
			sourceTree = "<group>";
		};
		D3691ECC06CFF27410EFE1B2 = {
			isa = PBXGroup;
			children = (
				50AC008414BBADA479DB4EAE /* Products */,
				F3325EF6FB692C3BCF8A2AFA /* Frameworks */,
				FDFF5DDA63329A2637D7D429 /* WidgetExtension */,
			);
			sourceTree = "<group>";
		};
		D5B9161884368D024CEC4C27 /* OS X */ = {
			isa = PBXGroup;
			children = (
				7412BC9D3A95B5CA696CD161 /* Cocoa.framework */,
			);
			name = "OS X";
			sourceTree = "<group>";
		};
		F3325EF6FB692C3BCF8A2AFA /* Frameworks */ = {
			isa = PBXGroup;
			children = (
				D5B9161884368D024CEC4C27 /* OS X */,
			);
			name = Frameworks;
			sourceTree = "<group>";
		};
		FDFF5DDA63329A2637D7D429 /* WidgetExtension */ = {
			isa = PBXGroup;
			children = (
				FB1C89870FF8C5A172A79E7C /* HeytaMacWidgetBundle.swift */,
				65DEC5203A905FCC63A017DF /* Info.plist */,
				1CE60EF73635CF7BD1C7B8F5 /* HeytaMacWidget.entitlements */,
			);
			name = WidgetExtension;
			path = WidgetExtension;
			sourceTree = "<group>";
		};
/* End PBXGroup section */

/* Begin PBXNativeTarget section */
		D0A54BBA32135734A941C0E1 /* HeytaMacWidget */ = {
			isa = PBXNativeTarget;
			buildConfigurationList = 4D801F6EE3CD73243076BD0D /* Build configuration list for PBXNativeTarget "HeytaMacWidget" */;
			buildPhases = (
				4879C5762C8A258DBC928828 /* Sources */,
				6440BAE7AE0EF1C1E4406F08 /* Frameworks */,
				D5CCE1366A7F5FC1D51A4929 /* Resources */,
			);
			buildRules = (
			);
			dependencies = (
			);
			name = HeytaMacWidget;
			packageProductDependencies = (
				72F845810180E0419D5882C0 /* HeytaWidgetKit */,
			);
			productName = HeytaMacWidget;
			productReference = 7F7661033D483A64489F6F48 /* HeytaMacWidget.appex */;
			productType = "com.apple.product-type.app-extension";
		};
/* End PBXNativeTarget section */

/* Begin PBXProject section */
		C372B6196BFFE115F3620D75 /* Project object */ = {
			isa = PBXProject;
			attributes = {
				LastSwiftUpdateCheck = 1600;
				LastUpgradeCheck = 1600;
			};
			buildConfigurationList = 29F9E6E62640066D1D13D44A /* Build configuration list for PBXProject "HeytaWidgets" */;
			compatibilityVersion = "Xcode 3.2";
			developmentRegion = en;
			hasScannedForEncodings = 0;
			knownRegions = (
				en,
				Base,
			);
			mainGroup = D3691ECC06CFF27410EFE1B2;
			minimizedProjectReferenceProxies = 0;
			packageReferences = (
				2B567615252E3E15FFF26B98 /* XCLocalSwiftPackageReference "HeytaWidgetCore" */,
			);
			preferredProjectObjectVersion = 77;
			productRefGroup = 50AC008414BBADA479DB4EAE /* Products */;
			projectDirPath = "";
			projectRoot = "";
			targets = (
				D0A54BBA32135734A941C0E1 /* HeytaMacWidget */,
			);
		};
/* End PBXProject section */

/* Begin PBXResourcesBuildPhase section */
		D5CCE1366A7F5FC1D51A4929 /* Resources */ = {
			isa = PBXResourcesBuildPhase;
			buildActionMask = 2147483647;
			files = (
			);
			runOnlyForDeploymentPostprocessing = 0;
		};
/* End PBXResourcesBuildPhase section */

/* Begin PBXSourcesBuildPhase section */
		4879C5762C8A258DBC928828 /* Sources */ = {
			isa = PBXSourcesBuildPhase;
			buildActionMask = 2147483647;
			files = (
				F43D060DBAE4E447934A9560 /* HeytaMacWidgetBundle.swift in Sources */,
			);
			runOnlyForDeploymentPostprocessing = 0;
		};
/* End PBXSourcesBuildPhase section */

/* Begin XCBuildConfiguration section */
		0419C47EC40247876C536F31 /* Release */ = {
			isa = XCBuildConfiguration;
			buildSettings = {
				ALWAYS_SEARCH_USER_PATHS = NO;
				CLANG_ANALYZER_NONNULL = YES;
				CLANG_ANALYZER_NUMBER_OBJECT_CONVERSION = YES_AGGRESSIVE;
				CLANG_CXX_LANGUAGE_STANDARD = "gnu++14";
				CLANG_CXX_LIBRARY = "libc++";
				CLANG_ENABLE_MODULES = YES;
				CLANG_ENABLE_OBJC_ARC = YES;
				CLANG_ENABLE_OBJC_WEAK = YES;
				CLANG_WARN_BLOCK_CAPTURE_AUTORELEASING = YES;
				CLANG_WARN_BOOL_CONVERSION = YES;
				CLANG_WARN_COMMA = YES;
				CLANG_WARN_CONSTANT_CONVERSION = YES;
				CLANG_WARN_DEPRECATED_OBJC_IMPLEMENTATIONS = YES;
				CLANG_WARN_DIRECT_OBJC_ISA_USAGE = YES_ERROR;
				CLANG_WARN_DOCUMENTATION_COMMENTS = YES;
				CLANG_WARN_EMPTY_BODY = YES;
				CLANG_WARN_ENUM_CONVERSION = YES;
				CLANG_WARN_INFINITE_RECURSION = YES;
				CLANG_WARN_INT_CONVERSION = YES;
				CLANG_WARN_NON_LITERAL_NULL_CONVERSION = YES;
				CLANG_WARN_OBJC_IMPLICIT_RETAIN_SELF = YES;
				CLANG_WARN_OBJC_LITERAL_CONVERSION = YES;
				CLANG_WARN_OBJC_ROOT_CLASS = YES_ERROR;
				CLANG_WARN_QUOTED_INCLUDE_IN_FRAMEWORK_HEADER = YES;
				CLANG_WARN_RANGE_LOOP_ANALYSIS = YES;
				CLANG_WARN_STRICT_PROTOTYPES = YES;
				CLANG_WARN_SUSPICIOUS_MOVE = YES;
				CLANG_WARN_UNGUARDED_AVAILABILITY = YES_AGGRESSIVE;
				CLANG_WARN_UNREACHABLE_CODE = YES;
				CLANG_WARN__DUPLICATE_METHOD_MATCH = YES;
				COPY_PHASE_STRIP = NO;
				DEBUG_INFORMATION_FORMAT = "dwarf-with-dsym";
				ENABLE_NS_ASSERTIONS = NO;
				ENABLE_STRICT_OBJC_MSGSEND = YES;
				GCC_C_LANGUAGE_STANDARD = gnu11;
				GCC_NO_COMMON_BLOCKS = YES;
				GCC_WARN_64_TO_32_BIT_CONVERSION = YES;
				GCC_WARN_ABOUT_RETURN_TYPE = YES_ERROR;
				GCC_WARN_UNDECLARED_SELECTOR = YES;
				GCC_WARN_UNINITIALIZED_AUTOS = YES_AGGRESSIVE;
				GCC_WARN_UNUSED_FUNCTION = YES;
				GCC_WARN_UNUSED_VARIABLE = YES;
				MTL_ENABLE_DEBUG_INFO = NO;
				MTL_FAST_MATH = YES;
				PRODUCT_NAME = "$(TARGET_NAME)";
				SWIFT_COMPILATION_MODE = wholemodule;
				SWIFT_OPTIMIZATION_LEVEL = "-O";
				SWIFT_VERSION = 5.0;
			};
			name = Release;
		};
		254FF074BFDD65C654FBBA43 /* Debug */ = {
			isa = XCBuildConfiguration;
			buildSettings = {
				APPLICATION_EXTENSION_API_ONLY = YES;
				CODE_SIGN_ENTITLEMENTS = WidgetExtension/HeytaMacWidget.entitlements;
				CODE_SIGN_IDENTITY = "Developer ID Application";
				CODE_SIGN_STYLE = Manual;
				DEVELOPMENT_TEAM = V5S2LT9YV8;
				ENABLE_HARDENED_RUNTIME = YES;
				GENERATE_INFOPLIST_FILE = NO;
				INFOPLIST_FILE = WidgetExtension/Info.plist;
				LD_RUNPATH_SEARCH_PATHS = "$(inherited) @executable_path/../Frameworks @executable_path/../../../../Frameworks";
				MACOSX_DEPLOYMENT_TARGET = 14.0;
				PRODUCT_BUNDLE_IDENTIFIER = cloud.finlaw.heyta.desktop.widgets;
				SDKROOT = macosx;
				SKIP_INSTALL = YES;
				SWIFT_VERSION = 6.0;
			};
			name = Debug;
		};
		FD2ED0975D66C9B441329F7D /* Release */ = {
			isa = XCBuildConfiguration;
			buildSettings = {
				APPLICATION_EXTENSION_API_ONLY = YES;
				CODE_SIGN_ENTITLEMENTS = WidgetExtension/HeytaMacWidget.entitlements;
				CODE_SIGN_IDENTITY = "Developer ID Application";
				CODE_SIGN_STYLE = Manual;
				DEVELOPMENT_TEAM = V5S2LT9YV8;
				ENABLE_HARDENED_RUNTIME = YES;
				GENERATE_INFOPLIST_FILE = NO;
				INFOPLIST_FILE = WidgetExtension/Info.plist;
				LD_RUNPATH_SEARCH_PATHS = "$(inherited) @executable_path/../Frameworks @executable_path/../../../../Frameworks";
				MACOSX_DEPLOYMENT_TARGET = 14.0;
				PRODUCT_BUNDLE_IDENTIFIER = cloud.finlaw.heyta.desktop.widgets;
				SDKROOT = macosx;
				SKIP_INSTALL = YES;
				SWIFT_VERSION = 6.0;
			};
			name = Release;
		};
		FEF84513A8F34F53C9C070EE /* Debug */ = {
			isa = XCBuildConfiguration;
			buildSettings = {
				ALWAYS_SEARCH_USER_PATHS = NO;
				CLANG_ANALYZER_NONNULL = YES;
				CLANG_ANALYZER_NUMBER_OBJECT_CONVERSION = YES_AGGRESSIVE;
				CLANG_CXX_LANGUAGE_STANDARD = "gnu++14";
				CLANG_CXX_LIBRARY = "libc++";
				CLANG_ENABLE_MODULES = YES;
				CLANG_ENABLE_OBJC_ARC = YES;
				CLANG_ENABLE_OBJC_WEAK = YES;
				CLANG_WARN_BLOCK_CAPTURE_AUTORELEASING = YES;
				CLANG_WARN_BOOL_CONVERSION = YES;
				CLANG_WARN_COMMA = YES;
				CLANG_WARN_CONSTANT_CONVERSION = YES;
				CLANG_WARN_DEPRECATED_OBJC_IMPLEMENTATIONS = YES;
				CLANG_WARN_DIRECT_OBJC_ISA_USAGE = YES_ERROR;
				CLANG_WARN_DOCUMENTATION_COMMENTS = YES;
				CLANG_WARN_EMPTY_BODY = YES;
				CLANG_WARN_ENUM_CONVERSION = YES;
				CLANG_WARN_INFINITE_RECURSION = YES;
				CLANG_WARN_INT_CONVERSION = YES;
				CLANG_WARN_NON_LITERAL_NULL_CONVERSION = YES;
				CLANG_WARN_OBJC_IMPLICIT_RETAIN_SELF = YES;
				CLANG_WARN_OBJC_LITERAL_CONVERSION = YES;
				CLANG_WARN_OBJC_ROOT_CLASS = YES_ERROR;
				CLANG_WARN_QUOTED_INCLUDE_IN_FRAMEWORK_HEADER = YES;
				CLANG_WARN_RANGE_LOOP_ANALYSIS = YES;
				CLANG_WARN_STRICT_PROTOTYPES = YES;
				CLANG_WARN_SUSPICIOUS_MOVE = YES;
				CLANG_WARN_UNGUARDED_AVAILABILITY = YES_AGGRESSIVE;
				CLANG_WARN_UNREACHABLE_CODE = YES;
				CLANG_WARN__DUPLICATE_METHOD_MATCH = YES;
				COPY_PHASE_STRIP = NO;
				DEBUG_INFORMATION_FORMAT = dwarf;
				ENABLE_STRICT_OBJC_MSGSEND = YES;
				ENABLE_TESTABILITY = YES;
				GCC_C_LANGUAGE_STANDARD = gnu11;
				GCC_DYNAMIC_NO_PIC = NO;
				GCC_NO_COMMON_BLOCKS = YES;
				GCC_OPTIMIZATION_LEVEL = 0;
				GCC_PREPROCESSOR_DEFINITIONS = (
					"DEBUG=1",
					"$(inherited)",
				);
				GCC_WARN_64_TO_32_BIT_CONVERSION = YES;
				GCC_WARN_ABOUT_RETURN_TYPE = YES_ERROR;
				GCC_WARN_UNDECLARED_SELECTOR = YES;
				GCC_WARN_UNINITIALIZED_AUTOS = YES_AGGRESSIVE;
				GCC_WARN_UNUSED_FUNCTION = YES;
				GCC_WARN_UNUSED_VARIABLE = YES;
				MTL_ENABLE_DEBUG_INFO = INCLUDE_SOURCE;
				MTL_FAST_MATH = YES;
				ONLY_ACTIVE_ARCH = YES;
				PRODUCT_NAME = "$(TARGET_NAME)";
				SWIFT_ACTIVE_COMPILATION_CONDITIONS = DEBUG;
				SWIFT_OPTIMIZATION_LEVEL = "-Onone";
				SWIFT_VERSION = 5.0;
			};
			name = Debug;
		};
/* End XCBuildConfiguration section */

/* Begin XCConfigurationList section */
		29F9E6E62640066D1D13D44A /* Build configuration list for PBXProject "HeytaWidgets" */ = {
			isa = XCConfigurationList;
			buildConfigurations = (
				FEF84513A8F34F53C9C070EE /* Debug */,
				0419C47EC40247876C536F31 /* Release */,
			);
			defaultConfigurationIsVisible = 0;
			defaultConfigurationName = Release;
		};
		4D801F6EE3CD73243076BD0D /* Build configuration list for PBXNativeTarget "HeytaMacWidget" */ = {
			isa = XCConfigurationList;
			buildConfigurations = (
				FD2ED0975D66C9B441329F7D /* Release */,
				254FF074BFDD65C654FBBA43 /* Debug */,
			);
			defaultConfigurationIsVisible = 0;
			defaultConfigurationName = Release;
		};
/* End XCConfigurationList section */

/* Begin XCLocalSwiftPackageReference section */
		2B567615252E3E15FFF26B98 /* XCLocalSwiftPackageReference "HeytaWidgetCore" */ = {
			isa = XCLocalSwiftPackageReference;
			relativePath = ../mobile/ios/HeytaWidgetCore;
		};
/* End XCLocalSwiftPackageReference section */

/* Begin XCSwiftPackageProductDependency section */
		72F845810180E0419D5882C0 /* HeytaWidgetKit */ = {
			isa = XCSwiftPackageProductDependency;
			package = 2B567615252E3E15FFF26B98 /* XCLocalSwiftPackageReference "HeytaWidgetCore" */;
			productName = HeytaWidgetKit;
		};
/* End XCSwiftPackageProductDependency section */
	};
	rootObject = C372B6196BFFE115F3620D75 /* Project object */;
}
